
Microsoft Visual Studio Solution File, Format Version 12.00
# Visual Studio 15
VisualStudioVersion = 15.0.28307.106
MinimumVisualStudioVersion = 10.0.40219.1
Project("{FAE04EC0-301F-11D3-BF4B-00C04F79EFBC}") = "Sistema.Entidades", "Sistema.Entidades\Sistema.Entidades.csproj", "{9FB923C5-EB93-41D2-9043-B86DA5A43C73}"
EndProject
Project("{FAE04EC0-301F-11D3-BF4B-00C04F79EFBC}") = "Sistema.Datos", "Sistema.Datos\Sistema.Datos.csproj", "{8187D5DF-ED2F-478E-A81A-C7AEB6D61B7E}"
EndProject
Project("{FAE04EC0-301F-11D3-BF4B-00C04F79EFBC}") = "Sistema.Web", "Sistema.Web\Sistema.Web.csproj", "{689BD3FF-65C8-437F-84C1-35B0ED10FBA2}"
EndProject
Global
	GlobalSection(SolutionConfigurationPlatforms) = preSolution
		Debug|Any CPU = Debug|Any CPU
		Release|Any CPU = Release|Any CPU
	EndGlobalSection
	GlobalSection(ProjectConfigurationPlatforms) = postSolution
		{9FB923C5-EB93-41D2-9043-B86DA5A43C73}.Debug|Any CPU.ActiveCfg = Debug|Any CPU
		{9FB923C5-EB93-41D2-9043-B86DA5A43C73}.Debug|Any CPU.Build.0 = Debug|Any CPU
		{9FB923C5-EB93-41D2-9043-B86DA5A43C73}.Release|Any CPU.ActiveCfg = Release|Any CPU
		{9FB923C5-EB93-41D2-9043-B86DA5A43C73}.Release|Any CPU.Build.0 = Release|Any CPU
		{8187D5DF-ED2F-478E-A81A-C7AEB6D61B7E}.Debug|Any CPU.ActiveCfg = Debug|Any CPU
		{8187D5DF-ED2F-478E-A81A-C7AEB6D61B7E}.Debug|Any CPU.Build.0 = Debug|Any CPU
		{8187D5DF-ED2F-478E-A81A-C7AEB6D61B7E}.Release|Any CPU.ActiveCfg = Release|Any CPU
		{8187D5DF-ED2F-478E-A81A-C7AEB6D61B7E}.Release|Any CPU.Build.0 = Release|Any CPU
		{689BD3FF-65C8-437F-84C1-35B0ED10FBA2}.Debug|Any CPU.ActiveCfg = Debug|Any CPU
		{689BD3FF-65C8-437F-84C1-35B0ED10FBA2}.Debug|Any CPU.Build.0 = Debug|Any CPU
		{689BD3FF-65C8-437F-84C1-35B0ED10FBA2}.Release|Any CPU.ActiveCfg = Release|Any CPU
		{689BD3FF-65C8-437F-84C1-35B0ED10FBA2}.Release|Any CPU.Build.0 = Release|Any CPU
	EndGlobalSection
	GlobalSection(SolutionProperties) = preSolution
		HideSolutionNode = FALSE
	EndGlobalSection
	GlobalSection(ExtensibilityGlobals) = postSolution
		SolutionGuid = {43CCCCB7-065A-4C8F-B8E4-B489BC67BB75}
	EndGlobalSection
EndGlobal
